
Microsoft Visual Studio Solution File, Format Version 12.00
# Visual Studio Version 17
VisualStudioVersion = 17.12.35707.178 d17.12
MinimumVisualStudioVersion = 10.0.40219.1
Project("{FAE04EC0-301F-11D3-BF4B-00C04F79EFBC}") = "reworkwk4ex1", "reworkwk4ex1\reworkwk4ex1.csproj", "{318DC153-9281-47D7-B5F3-3C27C7C7A8A0}"
EndProject
Global
	GlobalSection(SolutionConfigurationPlatforms) = preSolution
		Debug|Any CPU = Debug|Any CPU
		Release|Any CPU = Release|Any CPU
	EndGlobalSection
	GlobalSection(ProjectConfigurationPlatforms) = postSolution
		{318DC153-9281-47D7-B5F3-3C27C7C7A8A0}.Debug|Any CPU.ActiveCfg = Debug|Any CPU
		{318DC153-9281-47D7-B5F3-3C27C7C7A8A0}.Debug|Any CPU.Build.0 = Debug|Any CPU
		{318DC153-9281-47D7-B5F3-3C27C7C7A8A0}.Release|Any CPU.ActiveCfg = Release|Any CPU
		{318DC153-9281-47D7-B5F3-3C27C7C7A8A0}.Release|Any CPU.Build.0 = Release|Any CPU
	EndGlobalSection
	GlobalSection(SolutionProperties) = preSolution
		HideSolutionNode = FALSE
	EndGlobalSection
EndGlobal
